{
	"name": "scripts",
	"lockfileVersion": 2,
	"requires": true,
	"packages": {
		"": {
			"dependencies": {
				"@minecraft/vanilla-data": "^1.20.60"
			}
		},
		"node_modules/@minecraft/vanilla-data": {
			"version": "1.20.60",
			"resolved": "https://registry.npmjs.org/@minecraft/vanilla-data/-/vanilla-data-1.20.60.tgz",
			"integrity": "sha512-hG7H7FhbKGrnq6Ak1fgN2HiZTNTgNmLluJdw7Y9Ctq5DXVw4Ywv/VQ1UswNe+n/j+RsvVRCLd5Hk7MXbnGAdog=="
		}
	},
	"dependencies": {
		"@minecraft/vanilla-data": {
			"version": "1.20.60",
			"resolved": "https://registry.npmjs.org/@minecraft/vanilla-data/-/vanilla-data-1.20.60.tgz",
			"integrity": "sha512-hG7H7FhbKGrnq6Ak1fgN2HiZTNTgNmLluJdw7Y9Ctq5DXVw4Ywv/VQ1UswNe+n/j+RsvVRCLd5Hk7MXbnGAdog=="
		}
	}
}
